
Microsoft Visual Studio Solution File, Format Version 12.00
# Visual Studio Version 17
VisualStudioVersion = 17.9.34607.119
MinimumVisualStudioVersion = 10.0.40219.1
Project("{FAE04EC0-301F-11D3-BF4B-00C04F79EFBC}") = "ConfigurationApp.Entities", "ConfigurationApp.Entities\ConfigurationApp.Entities.csproj", "{E52E26C0-6901-4312-8209-0D95CA193156}"
EndProject
Project("{FAE04EC0-301F-11D3-BF4B-00C04F79EFBC}") = "ConfigurationApp.DataAccess", "ConfigurationApp.DataAccess\ConfigurationApp.DataAccess.csproj", "{041C8DA4-64CA-4E0F-BD84-D0F7675F58E3}"
EndProject
Project("{FAE04EC0-301F-11D3-BF4B-00C04F79EFBC}") = "ConfigurationApp.Business", "ConfigurationApp.Business\ConfigurationApp.Business.csproj", "{7B2C4D42-5CD6-4886-88F6-C4E7388DB4FA}"
EndProject
Project("{FAE04EC0-301F-11D3-BF4B-00C04F79EFBC}") = "ConfigurationApp.Core", "ConfigurationApp.Core\ConfigurationApp.Core.csproj", "{3AB3636A-998A-4B7A-8DC9-96331D699E40}"
EndProject
Project("{FAE04EC0-301F-11D3-BF4B-00C04F79EFBC}") = "ConfigurationApp.ConfigManagement.API", "ConfigurationApp.ConfigManagement.API\ConfigurationApp.ConfigManagement.API.csproj", "{C511E866-D63E-48CC-B318-69232D1306A2}"
EndProject
Global
	GlobalSection(SolutionConfigurationPlatforms) = preSolution
		Debug|Any CPU = Debug|Any CPU
		Release|Any CPU = Release|Any CPU
	EndGlobalSection
	GlobalSection(ProjectConfigurationPlatforms) = postSolution
		{E52E26C0-6901-4312-8209-0D95CA193156}.Debug|Any CPU.ActiveCfg = Debug|Any CPU
		{E52E26C0-6901-4312-8209-0D95CA193156}.Debug|Any CPU.Build.0 = Debug|Any CPU
		{E52E26C0-6901-4312-8209-0D95CA193156}.Release|Any CPU.ActiveCfg = Release|Any CPU
		{E52E26C0-6901-4312-8209-0D95CA193156}.Release|Any CPU.Build.0 = Release|Any CPU
		{041C8DA4-64CA-4E0F-BD84-D0F7675F58E3}.Debug|Any CPU.ActiveCfg = Debug|Any CPU
		{041C8DA4-64CA-4E0F-BD84-D0F7675F58E3}.Debug|Any CPU.Build.0 = Debug|Any CPU
		{041C8DA4-64CA-4E0F-BD84-D0F7675F58E3}.Release|Any CPU.ActiveCfg = Release|Any CPU
		{041C8DA4-64CA-4E0F-BD84-D0F7675F58E3}.Release|Any CPU.Build.0 = Release|Any CPU
		{7B2C4D42-5CD6-4886-88F6-C4E7388DB4FA}.Debug|Any CPU.ActiveCfg = Debug|Any CPU
		{7B2C4D42-5CD6-4886-88F6-C4E7388DB4FA}.Debug|Any CPU.Build.0 = Debug|Any CPU
		{7B2C4D42-5CD6-4886-88F6-C4E7388DB4FA}.Release|Any CPU.ActiveCfg = Release|Any CPU
		{7B2C4D42-5CD6-4886-88F6-C4E7388DB4FA}.Release|Any CPU.Build.0 = Release|Any CPU
		{3AB3636A-998A-4B7A-8DC9-96331D699E40}.Debug|Any CPU.ActiveCfg = Debug|Any CPU
		{3AB3636A-998A-4B7A-8DC9-96331D699E40}.Debug|Any CPU.Build.0 = Debug|Any CPU
		{3AB3636A-998A-4B7A-8DC9-96331D699E40}.Release|Any CPU.ActiveCfg = Release|Any CPU
		{3AB3636A-998A-4B7A-8DC9-96331D699E40}.Release|Any CPU.Build.0 = Release|Any CPU
		{C511E866-D63E-48CC-B318-69232D1306A2}.Debug|Any CPU.ActiveCfg = Debug|Any CPU
		{C511E866-D63E-48CC-B318-69232D1306A2}.Debug|Any CPU.Build.0 = Debug|Any CPU
		{C511E866-D63E-48CC-B318-69232D1306A2}.Release|Any CPU.ActiveCfg = Release|Any CPU
		{C511E866-D63E-48CC-B318-69232D1306A2}.Release|Any CPU.Build.0 = Release|Any CPU
	EndGlobalSection
	GlobalSection(SolutionProperties) = preSolution
		HideSolutionNode = FALSE
	EndGlobalSection
	GlobalSection(ExtensibilityGlobals) = postSolution
		SolutionGuid = {A68E6789-FC08-40D5-A133-D713F37B006D}
	EndGlobalSection
EndGlobal
